PODS:
  - TextFieldEffects (1.5.1)

DEPENDENCIES:
  - TextFieldEffects

SPEC REPOS:
  https://github.com/cocoapods/specs.git:
    - TextFieldEffects

SPEC CHECKSUMS:
  TextFieldEffects: 7d372f58aeaf9acd9626bbf962680aef926b085d

PODFILE CHECKSUM: b7c03f068fe052d8c74067c4ebef45bf6bba4c33

COCOAPODS: 1.5.2
