// !$*UTF8*$!
{
	archiveVersion = 1;
	classes = {
	};
	objectVersion = 48;
	objects = {

/* Begin PBXBuildFile section */
		1A9DE955A9860D0B6034849E /* Pods_text_field_effectTests.framework in Frameworks */ = {isa = PBXBuildFile; fileRef = 8BCA35B46C470B7A564F67C2 /* Pods_text_field_effectTests.framework */; };
		3BD98A18B93133EF386D646C /* Pods_text_field_effect.framework in Frameworks */ = {isa = PBXBuildFile; fileRef = A9583622A4B4CF983F9AEE4E /* Pods_text_field_effect.framework */; };
		4A9787568EC2C19FAD12E42D /* Pods_text_field_effectUITests.framework in Frameworks */ = {isa = PBXBuildFile; fileRef = 6D518986A168F5181A08D7C1 /* Pods_text_field_effectUITests.framework */; };
		83D6B5C821A1CA8F00F13C25 /* AppDelegate.swift in Sources */ = {isa = PBXBuildFile; fileRef = 83D6B5C721A1CA8F00F13C25 /* AppDelegate.swift */; };
		83D6B5CA21A1CA8F00F13C25 /* ViewController.swift in Sources */ = {isa = PBXBuildFile; fileRef = 83D6B5C921A1CA8F00F13C25 /* ViewController.swift */; };
		83D6B5CD21A1CA8F00F13C25 /* Main.storyboard in Resources */ = {isa = PBXBuildFile; fileRef = 83D6B5CB21A1CA8F00F13C25 /* Main.storyboard */; };
		83D6B5CF21A1CA8F00F13C25 /* Assets.xcassets in Resources */ = {isa = PBXBuildFile; fileRef = 83D6B5CE21A1CA8F00F13C25 /* Assets.xcassets */; };
		83D6B5D221A1CA8F00F13C25 /* LaunchScreen.storyboard in Resources */ = {isa = PBXBuildFile; fileRef = 83D6B5D021A1CA8F00F13C25 /* LaunchScreen.storyboard */; };
		83D6B5DD21A1CA8F00F13C25 /* text_field_effectTests.swift in Sources */ = {isa = PBXBuildFile; fileRef = 83D6B5DC21A1CA8F00F13C25 /* text_field_effectTests.swift */; };
		83D6B5E821A1CA8F00F13C25 /* text_field_effectUITests.swift in Sources */ = {isa = PBXBuildFile; fileRef = 83D6B5E721A1CA8F00F13C25 /* text_field_effectUITests.swift */; };
/* End PBXBuildFile section */

/* Begin PBXContainerItemProxy section */
		83D6B5D921A1CA8F00F13C25 /* PBXContainerItemProxy */ = {
			isa = PBXContainerItemProxy;
			containerPortal = 83D6B5BC21A1CA8F00F13C25 /* Project object */;
			proxyType = 1;
			remoteGlobalIDString = 83D6B5C321A1CA8F00F13C25;
			remoteInfo = "text field effect";
		};
		83D6B5E421A1CA8F00F13C25 /* PBXContainerItemProxy */ = {
			isa = PBXContainerItemProxy;
			containerPortal = 83D6B5BC21A1CA8F00F13C25 /* Project object */;
			proxyType = 1;
			remoteGlobalIDString = 83D6B5C321A1CA8F00F13C25;
			remoteInfo = "text field effect";
		};
/* End PBXContainerItemProxy section */

/* Begin PBXFileReference section */
		08E7EA1A7FAC9137918B8AF7 /* Pods-text field effect.release.xcconfig */ = {isa = PBXFileReference; includeInIndex = 1; lastKnownFileType = text.xcconfig; name = "Pods-text field effect.release.xcconfig"; path = "Pods/Target Support Files/Pods-text field effect/Pods-text field effect.release.xcconfig"; sourceTree = "<group>"; };
		0B9D7F22B0AD92B821190022 /* Pods-text field effectTests.debug.xcconfig */ = {isa = PBXFileReference; includeInIndex = 1; lastKnownFileType = text.xcconfig; name = "Pods-text field effectTests.debug.xcconfig"; path = "Pods/Target Support Files/Pods-text field effectTests/Pods-text field effectTests.debug.xcconfig"; sourceTree = "<group>"; };
		12A40C3209DC4CB070529915 /* Pods-text field effectUITests.release.xcconfig */ = {isa = PBXFileReference; includeInIndex = 1; lastKnownFileType = text.xcconfig; name = "Pods-text field effectUITests.release.xcconfig"; path = "Pods/Target Support Files/Pods-text field effectUITests/Pods-text field effectUITests.release.xcconfig"; sourceTree = "<group>"; };
		433DB73B62CA778A512C1B47 /* Pods-text field effect.debug.xcconfig */ = {isa = PBXFileReference; includeInIndex = 1; lastKnownFileType = text.xcconfig; name = "Pods-text field effect.debug.xcconfig"; path = "Pods/Target Support Files/Pods-text field effect/Pods-text field effect.debug.xcconfig"; sourceTree = "<group>"; };
		6D518986A168F5181A08D7C1 /* Pods_text_field_effectUITests.framework */ = {isa = PBXFileReference; explicitFileType = wrapper.framework; includeInIndex = 0; path = Pods_text_field_effectUITests.framework; sourceTree = BUILT_PRODUCTS_DIR; };
		83D6B5C421A1CA8F00F13C25 /* text field effect.app */ = {isa = PBXFileReference; explicitFileType = wrapper.application; includeInIndex = 0; path = "text field effect.app"; sourceTree = BUILT_PRODUCTS_DIR; };
		83D6B5C721A1CA8F00F13C25 /* AppDelegate.swift */ = {isa = PBXFileReference; lastKnownFileType = sourcecode.swift; path = AppDelegate.swift; sourceTree = "<group>"; };
		83D6B5C921A1CA8F00F13C25 /* ViewController.swift */ = {isa = PBXFileReference; lastKnownFileType = sourcecode.swift; path = ViewController.swift; sourceTree = "<group>"; };
		83D6B5CC21A1CA8F00F13C25 /* Base */ = {isa = PBXFileReference; lastKnownFileType = file.storyboard; name = Base; path = Base.lproj/Main.storyboard; sourceTree = "<group>"; };
		83D6B5CE21A1CA8F00F13C25 /* Assets.xcassets */ = {isa = PBXFileReference; lastKnownFileType = folder.assetcatalog; path = Assets.xcassets; sourceTree = "<group>"; };
		83D6B5D121A1CA8F00F13C25 /* Base */ = {isa = PBXFileReference; lastKnownFileType = file.storyboard; name = Base; path = Base.lproj/LaunchScreen.storyboard; sourceTree = "<group>"; };
		83D6B5D321A1CA8F00F13C25 /* Info.plist */ = {isa = PBXFileReference; lastKnownFileType = text.plist.xml; path = Info.plist; sourceTree = "<group>"; };
		83D6B5D821A1CA8F00F13C25 /* text field effectTests.xctest */ = {isa = PBXFileReference; explicitFileType = wrapper.cfbundle; includeInIndex = 0; path = "text field effectTests.xctest"; sourceTree = BUILT_PRODUCTS_DIR; };
		83D6B5DC21A1CA8F00F13C25 /* text_field_effectTests.swift */ = {isa = PBXFileReference; lastKnownFileType = sourcecode.swift; path = text_field_effectTests.swift; sourceTree = "<group>"; };
		83D6B5DE21A1CA8F00F13C25 /* Info.plist */ = {isa = PBXFileReference; lastKnownFileType = text.plist.xml; path = Info.plist; sourceTree = "<group>"; };
		83D6B5E321A1CA8F00F13C25 /* text field effectUITests.xctest */ = {isa = PBXFileReference; explicitFileType = wrapper.cfbundle; includeInIndex = 0; path = "text field effectUITests.xctest"; sourceTree = BUILT_PRODUCTS_DIR; };
		83D6B5E721A1CA8F00F13C25 /* text_field_effectUITests.swift */ = {isa = PBXFileReference; lastKnownFileType = sourcecode.swift; path = text_field_effectUITests.swift; sourceTree = "<group>"; };
		83D6B5E921A1CA8F00F13C25 /* Info.plist */ = {isa = PBXFileReference; lastKnownFileType = text.plist.xml; path = Info.plist; sourceTree = "<group>"; };
		8BCA35B46C470B7A564F67C2 /* Pods_text_field_effectTests.framework */ = {isa = PBXFileReference; explicitFileType = wrapper.framework; includeInIndex = 0; path = Pods_text_field_effectTests.framework; sourceTree = BUILT_PRODUCTS_DIR; };
		A9583622A4B4CF983F9AEE4E /* Pods_text_field_effect.framework */ = {isa = PBXFileReference; explicitFileType = wrapper.framework; includeInIndex = 0; path = Pods_text_field_effect.framework; sourceTree = BUILT_PRODUCTS_DIR; };
		ABC03E6BE6C59CF521D3B806 /* Pods-text field effectUITests.debug.xcconfig */ = {isa = PBXFileReference; includeInIndex = 1; lastKnownFileType = text.xcconfig; name = "Pods-text field effectUITests.debug.xcconfig"; path = "Pods/Target Support Files/Pods-text field effectUITests/Pods-text field effectUITests.debug.xcconfig"; sourceTree = "<group>"; };
		FF7B70CEE378B2AE84F3C241 /* Pods-text field effectTests.release.xcconfig */ = {isa = PBXFileReference; includeInIndex = 1; lastKnownFileType = text.xcconfig; name = "Pods-text field effectTests.release.xcconfig"; path = "Pods/Target Support Files/Pods-text field effectTests/Pods-text field effectTests.release.xcconfig"; sourceTree = "<group>"; };
/* End PBXFileReference section */

/* Begin PBXFrameworksBuildPhase section */
		83D6B5C121A1CA8F00F13C25 /* Frameworks */ = {
			isa = PBXFrameworksBuildPhase;
			buildActionMask = 2147483647;
			files = (
				3BD98A18B93133EF386D646C /* Pods_text_field_effect.framework in Frameworks */,
			);
			runOnlyForDeploymentPostprocessing = 0;
		};
		83D6B5D521A1CA8F00F13C25 /* Frameworks */ = {
			isa = PBXFrameworksBuildPhase;
			buildActionMask = 2147483647;
			files = (
				1A9DE955A9860D0B6034849E /* Pods_text_field_effectTests.framework in Frameworks */,
			);
			runOnlyForDeploymentPostprocessing = 0;
		};
		83D6B5E021A1CA8F00F13C25 /* Frameworks */ = {
			isa = PBXFrameworksBuildPhase;
			buildActionMask = 2147483647;
			files = (
				4A9787568EC2C19FAD12E42D /* Pods_text_field_effectUITests.framework in Frameworks */,
			);
			runOnlyForDeploymentPostprocessing = 0;
		};
/* End PBXFrameworksBuildPhase section */

/* Begin PBXGroup section */
		1B92388F069676AB6BC85E7F /* Pods */ = {
			isa = PBXGroup;
			children = (
				433DB73B62CA778A512C1B47 /* Pods-text field effect.debug.xcconfig */,
				08E7EA1A7FAC9137918B8AF7 /* Pods-text field effect.release.xcconfig */,
				0B9D7F22B0AD92B821190022 /* Pods-text field effectTests.debug.xcconfig */,
				FF7B70CEE378B2AE84F3C241 /* Pods-text field effectTests.release.xcconfig */,
				ABC03E6BE6C59CF521D3B806 /* Pods-text field effectUITests.debug.xcconfig */,
				12A40C3209DC4CB070529915 /* Pods-text field effectUITests.release.xcconfig */,
			);
			name = Pods;
			sourceTree = "<group>";
		};
		35D432F459E210B552C4A64D /* Frameworks */ = {
			isa = PBXGroup;
			children = (
				A9583622A4B4CF983F9AEE4E /* Pods_text_field_effect.framework */,
				8BCA35B46C470B7A564F67C2 /* Pods_text_field_effectTests.framework */,
				6D518986A168F5181A08D7C1 /* Pods_text_field_effectUITests.framework */,
			);
			name = Frameworks;
			sourceTree = "<group>";
		};
		83D6B5BB21A1CA8F00F13C25 = {
			isa = PBXGroup;
			children = (
				83D6B5C621A1CA8F00F13C25 /* text field effect */,
				83D6B5DB21A1CA8F00F13C25 /* text field effectTests */,
				83D6B5E621A1CA8F00F13C25 /* text field effectUITests */,
				83D6B5C521A1CA8F00F13C25 /* Products */,
				1B92388F069676AB6BC85E7F /* Pods */,
				35D432F459E210B552C4A64D /* Frameworks */,
			);
			sourceTree = "<group>";
		};
		83D6B5C521A1CA8F00F13C25 /* Products */ = {
			isa = PBXGroup;
			children = (
				83D6B5C421A1CA8F00F13C25 /* text field effect.app */,
				83D6B5D821A1CA8F00F13C25 /* text field effectTests.xctest */,
				83D6B5E321A1CA8F00F13C25 /* text field effectUITests.xctest */,
			);
			name = Products;
			sourceTree = "<group>";
		};
		83D6B5C621A1CA8F00F13C25 /* text field effect */ = {
			isa = PBXGroup;
			children = (
				83D6B5C721A1CA8F00F13C25 /* AppDelegate.swift */,
				83D6B5C921A1CA8F00F13C25 /* ViewController.swift */,
				83D6B5CB21A1CA8F00F13C25 /* Main.storyboard */,
				83D6B5CE21A1CA8F00F13C25 /* Assets.xcassets */,
				83D6B5D021A1CA8F00F13C25 /* LaunchScreen.storyboard */,
				83D6B5D321A1CA8F00F13C25 /* Info.plist */,
			);
			path = "text field effect";
			sourceTree = "<group>";
		};
		83D6B5DB21A1CA8F00F13C25 /* text field effectTests */ = {
			isa = PBXGroup;
			children = (
				83D6B5DC21A1CA8F00F13C25 /* text_field_effectTests.swift */,
				83D6B5DE21A1CA8F00F13C25 /* Info.plist */,
			);
			path = "text field effectTests";
			sourceTree = "<group>";
		};
		83D6B5E621A1CA8F00F13C25 /* text field effectUITests */ = {
			isa = PBXGroup;
			children = (
				83D6B5E721A1CA8F00F13C25 /* text_field_effectUITests.swift */,
				83D6B5E921A1CA8F00F13C25 /* Info.plist */,
			);
			path = "text field effectUITests";
			sourceTree = "<group>";
		};
/* End PBXGroup section */

/* Begin PBXNativeTarget section */
		83D6B5C321A1CA8F00F13C25 /* text field effect */ = {
			isa = PBXNativeTarget;
			buildConfigurationList = 83D6B5EC21A1CA8F00F13C25 /* Build configuration list for PBXNativeTarget "text field effect" */;
			buildPhases = (
				3C38DCF1B24A9ECDB167BB91 /* [CP] Check Pods Manifest.lock */,
				83D6B5C021A1CA8F00F13C25 /* Sources */,
				83D6B5C121A1CA8F00F13C25 /* Frameworks */,
				83D6B5C221A1CA8F00F13C25 /* Resources */,
				1EEF151950BAB1484F1D5C91 /* [CP] Embed Pods Frameworks */,
			);
			buildRules = (
			);
			dependencies = (
			);
			name = "text field effect";
			productName = "text field effect";
			productReference = 83D6B5C421A1CA8F00F13C25 /* text field effect.app */;
			productType = "com.apple.product-type.application";
		};
		83D6B5D721A1CA8F00F13C25 /* text field effectTests */ = {
			isa = PBXNativeTarget;
			buildConfigurationList = 83D6B5EF21A1CA8F00F13C25 /* Build configuration list for PBXNativeTarget "text field effectTests" */;
			buildPhases = (
				8FB84A83A5B1332D58D35FD3 /* [CP] Check Pods Manifest.lock */,
				83D6B5D421A1CA8F00F13C25 /* Sources */,
				83D6B5D521A1CA8F00F13C25 /* Frameworks */,
				83D6B5D621A1CA8F00F13C25 /* Resources */,
			);
			buildRules = (
			);
			dependencies = (
				83D6B5DA21A1CA8F00F13C25 /* PBXTargetDependency */,
			);
			name = "text field effectTests";
			productName = "text field effectTests";
			productReference = 83D6B5D821A1CA8F00F13C25 /* text field effectTests.xctest */;
			productType = "com.apple.product-type.bundle.unit-test";
		};
		83D6B5E221A1CA8F00F13C25 /* text field effectUITests */ = {
			isa = PBXNativeTarget;
			buildConfigurationList = 83D6B5F221A1CA8F00F13C25 /* Build configuration list for PBXNativeTarget "text field effectUITests" */;
			buildPhases = (
				C6BA47D0FFC6E2E253A06E38 /* [CP] Check Pods Manifest.lock */,
				83D6B5DF21A1CA8F00F13C25 /* Sources */,
				83D6B5E021A1CA8F00F13C25 /* Frameworks */,
				83D6B5E121A1CA8F00F13C25 /* Resources */,
			);
			buildRules = (
			);
			dependencies = (
				83D6B5E521A1CA8F00F13C25 /* PBXTargetDependency */,
			);
			name = "text field effectUITests";
			productName = "text field effectUITests";
			productReference = 83D6B5E321A1CA8F00F13C25 /* text field effectUITests.xctest */;
			productType = "com.apple.product-type.bundle.ui-testing";
		};
/* End PBXNativeTarget section */

/* Begin PBXProject section */
		83D6B5BC21A1CA8F00F13C25 /* Project object */ = {
			isa = PBXProject;
			attributes = {
				LastSwiftUpdateCheck = 0900;
				LastUpgradeCheck = 0900;
				ORGANIZATIONNAME = "Ahmed abu elregal";
				TargetAttributes = {
					83D6B5C321A1CA8F00F13C25 = {
						CreatedOnToolsVersion = 9.0;
						ProvisioningStyle = Automatic;
					};
					83D6B5D721A1CA8F00F13C25 = {
						CreatedOnToolsVersion = 9.0;
						ProvisioningStyle = Automatic;
						TestTargetID = 83D6B5C321A1CA8F00F13C25;
					};
					83D6B5E221A1CA8F00F13C25 = {
						CreatedOnToolsVersion = 9.0;
						ProvisioningStyle = Automatic;
						TestTargetID = 83D6B5C321A1CA8F00F13C25;
					};
				};
			};
			buildConfigurationList = 83D6B5BF21A1CA8F00F13C25 /* Build configuration list for PBXProject "text field effect" */;
			compatibilityVersion = "Xcode 8.0";
			developmentRegion = en;
			hasScannedForEncodings = 0;
			knownRegions = (
				en,
				Base,
			);
			mainGroup = 83D6B5BB21A1CA8F00F13C25;
			productRefGroup = 83D6B5C521A1CA8F00F13C25 /* Products */;
			projectDirPath = "";
			projectRoot = "";
			targets = (
				83D6B5C321A1CA8F00F13C25 /* text field effect */,
				83D6B5D721A1CA8F00F13C25 /* text field effectTests */,
				83D6B5E221A1CA8F00F13C25 /* text field effectUITests */,
			);
		};
/* End PBXProject section */

/* Begin PBXResourcesBuildPhase section */
		83D6B5C221A1CA8F00F13C25 /* Resources */ = {
			isa = PBXResourcesBuildPhase;
			buildActionMask = 2147483647;
			files = (
				83D6B5D221A1CA8F00F13C25 /* LaunchScreen.storyboard in Resources */,
				83D6B5CF21A1CA8F00F13C25 /* Assets.xcassets in Resources */,
				83D6B5CD21A1CA8F00F13C25 /* Main.storyboard in Resources */,
			);
			runOnlyForDeploymentPostprocessing = 0;
		};
		83D6B5D621A1CA8F00F13C25 /* Resources */ = {
			isa = PBXResourcesBuildPhase;
			buildActionMask = 2147483647;
			files = (
			);
			runOnlyForDeploymentPostprocessing = 0;
		};
		83D6B5E121A1CA8F00F13C25 /* Resources */ = {
			isa = PBXResourcesBuildPhase;
			buildActionMask = 2147483647;
			files = (
			);
			runOnlyForDeploymentPostprocessing = 0;
		};
/* End PBXResourcesBuildPhase section */

/* Begin PBXShellScriptBuildPhase section */
		1EEF151950BAB1484F1D5C91 /* [CP] Embed Pods Frameworks */ = {
			isa = PBXShellScriptBuildPhase;
			buildActionMask = 2147483647;
			files = (
			);
			inputPaths = (
				"${SRCROOT}/Pods/Target Support Files/Pods-text field effect/Pods-text field effect-frameworks.sh",
				"${BUILT_PRODUCTS_DIR}/TextFieldEffects/TextFieldEffects.framework",
			);
			name = "[CP] Embed Pods Frameworks";
			outputPaths = (
				"${TARGET_BUILD_DIR}/${FRAMEWORKS_FOLDER_PATH}/TextFieldEffects.framework",
			);
			runOnlyForDeploymentPostprocessing = 0;
			shellPath = /bin/sh;
			shellScript = "\"${SRCROOT}/Pods/Target Support Files/Pods-text field effect/Pods-text field effect-frameworks.sh\"\n";
			showEnvVarsInLog = 0;
		};
		3C38DCF1B24A9ECDB167BB91 /* [CP] Check Pods Manifest.lock */ = {
			isa = PBXShellScriptBuildPhase;
			buildActionMask = 2147483647;
			files = (
			);
			inputPaths = (
				"${PODS_PODFILE_DIR_PATH}/Podfile.lock",
				"${PODS_ROOT}/Manifest.lock",
			);
			name = "[CP] Check Pods Manifest.lock";
			outputPaths = (
				"$(DERIVED_FILE_DIR)/Pods-text field effect-checkManifestLockResult.txt",
			);
			runOnlyForDeploymentPostprocessing = 0;
			shellPath = /bin/sh;
			shellScript = "diff \"${PODS_PODFILE_DIR_PATH}/Podfile.lock\" \"${PODS_ROOT}/Manifest.lock\" > /dev/null\nif [ $? != 0 ] ; then\n    # print error to STDERR\n    echo \"error: The sandbox is not in sync with the Podfile.lock. Run 'pod install' or update your CocoaPods installation.\" >&2\n    exit 1\nfi\n# This output is used by Xcode 'outputs' to avoid re-running this script phase.\necho \"SUCCESS\" > \"${SCRIPT_OUTPUT_FILE_0}\"\n";
			showEnvVarsInLog = 0;
		};
		8FB84A83A5B1332D58D35FD3 /* [CP] Check Pods Manifest.lock */ = {
			isa = PBXShellScriptBuildPhase;
			buildActionMask = 2147483647;
			files = (
			);
			inputPaths = (
				"${PODS_PODFILE_DIR_PATH}/Podfile.lock",
				"${PODS_ROOT}/Manifest.lock",
			);
			name = "[CP] Check Pods Manifest.lock";
			outputPaths = (
				"$(DERIVED_FILE_DIR)/Pods-text field effectTests-checkManifestLockResult.txt",
			);
			runOnlyForDeploymentPostprocessing = 0;
			shellPath = /bin/sh;
			shellScript = "diff \"${PODS_PODFILE_DIR_PATH}/Podfile.lock\" \"${PODS_ROOT}/Manifest.lock\" > /dev/null\nif [ $? != 0 ] ; then\n    # print error to STDERR\n    echo \"error: The sandbox is not in sync with the Podfile.lock. Run 'pod install' or update your CocoaPods installation.\" >&2\n    exit 1\nfi\n# This output is used by Xcode 'outputs' to avoid re-running this script phase.\necho \"SUCCESS\" > \"${SCRIPT_OUTPUT_FILE_0}\"\n";
			showEnvVarsInLog = 0;
		};
		C6BA47D0FFC6E2E253A06E38 /* [CP] Check Pods Manifest.lock */ = {
			isa = PBXShellScriptBuildPhase;
			buildActionMask = 2147483647;
			files = (
			);
			inputPaths = (
				"${PODS_PODFILE_DIR_PATH}/Podfile.lock",
				"${PODS_ROOT}/Manifest.lock",
			);
			name = "[CP] Check Pods Manifest.lock";
			outputPaths = (
				"$(DERIVED_FILE_DIR)/Pods-text field effectUITests-checkManifestLockResult.txt",
			);
			runOnlyForDeploymentPostprocessing = 0;
			shellPath = /bin/sh;
			shellScript = "diff \"${PODS_PODFILE_DIR_PATH}/Podfile.lock\" \"${PODS_ROOT}/Manifest.lock\" > /dev/null\nif [ $? != 0 ] ; then\n    # print error to STDERR\n    echo \"error: The sandbox is not in sync with the Podfile.lock. Run 'pod install' or update your CocoaPods installation.\" >&2\n    exit 1\nfi\n# This output is used by Xcode 'outputs' to avoid re-running this script phase.\necho \"SUCCESS\" > \"${SCRIPT_OUTPUT_FILE_0}\"\n";
			showEnvVarsInLog = 0;
		};
/* End PBXShellScriptBuildPhase section */

/* Begin PBXSourcesBuildPhase section */
		83D6B5C021A1CA8F00F13C25 /* Sources */ = {
			isa = PBXSourcesBuildPhase;
			buildActionMask = 2147483647;
			files = (
				83D6B5CA21A1CA8F00F13C25 /* ViewController.swift in Sources */,
				83D6B5C821A1CA8F00F13C25 /* AppDelegate.swift in Sources */,
			);
			runOnlyForDeploymentPostprocessing = 0;
		};
		83D6B5D421A1CA8F00F13C25 /* Sources */ = {
			isa = PBXSourcesBuildPhase;
			buildActionMask = 2147483647;
			files = (
				83D6B5DD21A1CA8F00F13C25 /* text_field_effectTests.swift in Sources */,
			);
			runOnlyForDeploymentPostprocessing = 0;
		};
		83D6B5DF21A1CA8F00F13C25 /* Sources */ = {
			isa = PBXSourcesBuildPhase;
			buildActionMask = 2147483647;
			files = (
				83D6B5E821A1CA8F00F13C25 /* text_field_effectUITests.swift in Sources */,
			);
			runOnlyForDeploymentPostprocessing = 0;
		};
/* End PBXSourcesBuildPhase section */

/* Begin PBXTargetDependency section */
		83D6B5DA21A1CA8F00F13C25 /* PBXTargetDependency */ = {
			isa = PBXTargetDependency;
			target = 83D6B5C321A1CA8F00F13C25 /* text field effect */;
			targetProxy = 83D6B5D921A1CA8F00F13C25 /* PBXContainerItemProxy */;
		};
		83D6B5E521A1CA8F00F13C25 /* PBXTargetDependency */ = {
			isa = PBXTargetDependency;
			target = 83D6B5C321A1CA8F00F13C25 /* text field effect */;
			targetProxy = 83D6B5E421A1CA8F00F13C25 /* PBXContainerItemProxy */;
		};
/* End PBXTargetDependency section */

/* Begin PBXVariantGroup section */
		83D6B5CB21A1CA8F00F13C25 /* Main.storyboard */ = {
			isa = PBXVariantGroup;
			children = (
				83D6B5CC21A1CA8F00F13C25 /* Base */,
			);
			name = Main.storyboard;
			sourceTree = "<group>";
		};
		83D6B5D021A1CA8F00F13C25 /* LaunchScreen.storyboard */ = {
			isa = PBXVariantGroup;
			children = (
				83D6B5D121A1CA8F00F13C25 /* Base */,
			);
			name = LaunchScreen.storyboard;
			sourceTree = "<group>";
		};
/* End PBXVariantGroup section */

/* Begin XCBuildConfiguration section */
		83D6B5EA21A1CA8F00F13C25 /* Debug */ = {
			isa = XCBuildConfiguration;
			buildSettings = {
				ALWAYS_SEARCH_USER_PATHS = NO;
				CLANG_ANALYZER_NONNULL = YES;
				CLANG_ANALYZER_NUMBER_OBJECT_CONVERSION = YES_AGGRESSIVE;
				CLANG_CXX_LANGUAGE_STANDARD = "gnu++14";
				CLANG_CXX_LIBRARY = "libc++";
				CLANG_ENABLE_MODULES = YES;
				CLANG_ENABLE_OBJC_ARC = YES;
				CLANG_WARN_BLOCK_CAPTURE_AUTORELEASING = YES;
				CLANG_WARN_BOOL_CONVERSION = YES;
				CLANG_WARN_COMMA = YES;
				CLANG_WARN_CONSTANT_CONVERSION = YES;
				CLANG_WARN_DIRECT_OBJC_ISA_USAGE = YES_ERROR;
				CLANG_WARN_DOCUMENTATION_COMMENTS = YES;
				CLANG_WARN_EMPTY_BODY = YES;
				CLANG_WARN_ENUM_CONVERSION = YES;
				CLANG_WARN_INFINITE_RECURSION = YES;
				CLANG_WARN_INT_CONVERSION = YES;
				CLANG_WARN_NON_LITERAL_NULL_CONVERSION = YES;
				CLANG_WARN_OBJC_LITERAL_CONVERSION = YES;
				CLANG_WARN_OBJC_ROOT_CLASS = YES_ERROR;
				CLANG_WARN_RANGE_LOOP_ANALYSIS = YES;
				CLANG_WARN_STRICT_PROTOTYPES = YES;
				CLANG_WARN_SUSPICIOUS_MOVE = YES;
				CLANG_WARN_UNGUARDED_AVAILABILITY = YES_AGGRESSIVE;
				CLANG_WARN_UNREACHABLE_CODE = YES;
				CLANG_WARN__DUPLICATE_METHOD_MATCH = YES;
				CODE_SIGN_IDENTITY = "iPhone Developer";
				COPY_PHASE_STRIP = NO;
				DEBUG_INFORMATION_FORMAT = dwarf;
				ENABLE_STRICT_OBJC_MSGSEND = YES;
				ENABLE_TESTABILITY = YES;
				GCC_C_LANGUAGE_STANDARD = gnu11;
				GCC_DYNAMIC_NO_PIC = NO;
				GCC_NO_COMMON_BLOCKS = YES;
				GCC_OPTIMIZATION_LEVEL = 0;
				GCC_PREPROCESSOR_DEFINITIONS = (
					"DEBUG=1",
					"$(inherited)",
				);
				GCC_WARN_64_TO_32_BIT_CONVERSION = YES;
				GCC_WARN_ABOUT_RETURN_TYPE = YES_ERROR;
				GCC_WARN_UNDECLARED_SELECTOR = YES;
				GCC_WARN_UNINITIALIZED_AUTOS = YES_AGGRESSIVE;
				GCC_WARN_UNUSED_FUNCTION = YES;
				GCC_WARN_UNUSED_VARIABLE = YES;
				IPHONEOS_DEPLOYMENT_TARGET = 11.0;
				MTL_ENABLE_DEBUG_INFO = YES;
				ONLY_ACTIVE_ARCH = YES;
				SDKROOT = iphoneos;
				SWIFT_ACTIVE_COMPILATION_CONDITIONS = DEBUG;
				SWIFT_OPTIMIZATION_LEVEL = "-Onone";
			};
			name = Debug;
		};
		83D6B5EB21A1CA8F00F13C25 /* Release */ = {
			isa = XCBuildConfiguration;
			buildSettings = {
				ALWAYS_SEARCH_USER_PATHS = NO;
				CLANG_ANALYZER_NONNULL = YES;
				CLANG_ANALYZER_NUMBER_OBJECT_CONVERSION = YES_AGGRESSIVE;
				CLANG_CXX_LANGUAGE_STANDARD = "gnu++14";
				CLANG_CXX_LIBRARY = "libc++";
				CLANG_ENABLE_MODULES = YES;
				CLANG_ENABLE_OBJC_ARC = YES;
				CLANG_WARN_BLOCK_CAPTURE_AUTORELEASING = YES;
				CLANG_WARN_BOOL_CONVERSION = YES;
				CLANG_WARN_COMMA = YES;
				CLANG_WARN_CONSTANT_CONVERSION = YES;
				CLANG_WARN_DIRECT_OBJC_ISA_USAGE = YES_ERROR;
				CLANG_WARN_DOCUMENTATION_COMMENTS = YES;
				CLANG_WARN_EMPTY_BODY = YES;
				CLANG_WARN_ENUM_CONVERSION = YES;
				CLANG_WARN_INFINITE_RECURSION = YES;
				CLANG_WARN_INT_CONVERSION = YES;
				CLANG_WARN_NON_LITERAL_NULL_CONVERSION = YES;
				CLANG_WARN_OBJC_LITERAL_CONVERSION = YES;
				CLANG_WARN_OBJC_ROOT_CLASS = YES_ERROR;
				CLANG_WARN_RANGE_LOOP_ANALYSIS = YES;
				CLANG_WARN_STRICT_PROTOTYPES = YES;
				CLANG_WARN_SUSPICIOUS_MOVE = YES;
				CLANG_WARN_UNGUARDED_AVAILABILITY = YES_AGGRESSIVE;
				CLANG_WARN_UNREACHABLE_CODE = YES;
				CLANG_WARN__DUPLICATE_METHOD_MATCH = YES;
				CODE_SIGN_IDENTITY = "iPhone Developer";
				COPY_PHASE_STRIP = NO;
				DEBUG_INFORMATION_FORMAT = "dwarf-with-dsym";
				ENABLE_NS_ASSERTIONS = NO;
				ENABLE_STRICT_OBJC_MSGSEND = YES;
				GCC_C_LANGUAGE_STANDARD = gnu11;
				GCC_NO_COMMON_BLOCKS = YES;
				GCC_WARN_64_TO_32_BIT_CONVERSION = YES;
				GCC_WARN_ABOUT_RETURN_TYPE = YES_ERROR;
				GCC_WARN_UNDECLARED_SELECTOR = YES;
				GCC_WARN_UNINITIALIZED_AUTOS = YES_AGGRESSIVE;
				GCC_WARN_UNUSED_FUNCTION = YES;
				GCC_WARN_UNUSED_VARIABLE = YES;
				IPHONEOS_DEPLOYMENT_TARGET = 11.0;
				MTL_ENABLE_DEBUG_INFO = NO;
				SDKROOT = iphoneos;
				SWIFT_OPTIMIZATION_LEVEL = "-Owholemodule";
				VALIDATE_PRODUCT = YES;
			};
			name = Release;
		};
		83D6B5ED21A1CA8F00F13C25 /* Debug */ = {
			isa = XCBuildConfiguration;
			baseConfigurationReference = 433DB73B62CA778A512C1B47 /* Pods-text field effect.debug.xcconfig */;
			buildSettings = {
				ASSETCATALOG_COMPILER_APPICON_NAME = AppIcon;
				CODE_SIGN_STYLE = Automatic;
				INFOPLIST_FILE = "text field effect/Info.plist";
				LD_RUNPATH_SEARCH_PATHS = "$(inherited) @executable_path/Frameworks";
				PRODUCT_BUNDLE_IDENTIFIER = "text-field-effect.text-field-effect";
				PRODUCT_NAME = "$(TARGET_NAME)";
				SWIFT_VERSION = 4.0;
				TARGETED_DEVICE_FAMILY = "1,2";
			};
			name = Debug;
		};
		83D6B5EE21A1CA8F00F13C25 /* Release */ = {
			isa = XCBuildConfiguration;
			baseConfigurationReference = 08E7EA1A7FAC9137918B8AF7 /* Pods-text field effect.release.xcconfig */;
			buildSettings = {
				ASSETCATALOG_COMPILER_APPICON_NAME = AppIcon;
				CODE_SIGN_STYLE = Automatic;
				INFOPLIST_FILE = "text field effect/Info.plist";
				LD_RUNPATH_SEARCH_PATHS = "$(inherited) @executable_path/Frameworks";
				PRODUCT_BUNDLE_IDENTIFIER = "text-field-effect.text-field-effect";
				PRODUCT_NAME = "$(TARGET_NAME)";
				SWIFT_VERSION = 4.0;
				TARGETED_DEVICE_FAMILY = "1,2";
			};
			name = Release;
		};
		83D6B5F021A1CA8F00F13C25 /* Debug */ = {
			isa = XCBuildConfiguration;
			baseConfigurationReference = 0B9D7F22B0AD92B821190022 /* Pods-text field effectTests.debug.xcconfig */;
			buildSettings = {
				ALWAYS_EMBED_SWIFT_STANDARD_LIBRARIES = YES;
				BUNDLE_LOADER = "$(TEST_HOST)";
				CODE_SIGN_STYLE = Automatic;
				INFOPLIST_FILE = "text field effectTests/Info.plist";
				LD_RUNPATH_SEARCH_PATHS = "$(inherited) @executable_path/Frameworks @loader_path/Frameworks";
				PRODUCT_BUNDLE_IDENTIFIER = "text-field-effect.text-field-effectTests";
				PRODUCT_NAME = "$(TARGET_NAME)";
				SWIFT_VERSION = 4.0;
				TARGETED_DEVICE_FAMILY = "1,2";
				TEST_HOST = "$(BUILT_PRODUCTS_DIR)/text field effect.app/text field effect";
			};
			name = Debug;
		};
		83D6B5F121A1CA8F00F13C25 /* Release */ = {
			isa = XCBuildConfiguration;
			baseConfigurationReference = FF7B70CEE378B2AE84F3C241 /* Pods-text field effectTests.release.xcconfig */;
			buildSettings = {
				ALWAYS_EMBED_SWIFT_STANDARD_LIBRARIES = YES;
				BUNDLE_LOADER = "$(TEST_HOST)";
				CODE_SIGN_STYLE = Automatic;
				INFOPLIST_FILE = "text field effectTests/Info.plist";
				LD_RUNPATH_SEARCH_PATHS = "$(inherited) @executable_path/Frameworks @loader_path/Frameworks";
				PRODUCT_BUNDLE_IDENTIFIER = "text-field-effect.text-field-effectTests";
				PRODUCT_NAME = "$(TARGET_NAME)";
				SWIFT_VERSION = 4.0;
				TARGETED_DEVICE_FAMILY = "1,2";
				TEST_HOST = "$(BUILT_PRODUCTS_DIR)/text field effect.app/text field effect";
			};
			name = Release;
		};
		83D6B5F321A1CA8F00F13C25 /* Debug */ = {
			isa = XCBuildConfiguration;
			baseConfigurationReference = ABC03E6BE6C59CF521D3B806 /* Pods-text field effectUITests.debug.xcconfig */;
			buildSettings = {
				ALWAYS_EMBED_SWIFT_STANDARD_LIBRARIES = YES;
				CODE_SIGN_STYLE = Automatic;
				INFOPLIST_FILE = "text field effectUITests/Info.plist";
				LD_RUNPATH_SEARCH_PATHS = "$(inherited) @executable_path/Frameworks @loader_path/Frameworks";
				PRODUCT_BUNDLE_IDENTIFIER = "text-field-effect.text-field-effectUITests";
				PRODUCT_NAME = "$(TARGET_NAME)";
				SWIFT_VERSION = 4.0;
				TARGETED_DEVICE_FAMILY = "1,2";
				TEST_TARGET_NAME = "text field effect";
			};
			name = Debug;
		};
		83D6B5F421A1CA8F00F13C25 /* Release */ = {
			isa = XCBuildConfiguration;
			baseConfigurationReference = 12A40C3209DC4CB070529915 /* Pods-text field effectUITests.release.xcconfig */;
			buildSettings = {
				ALWAYS_EMBED_SWIFT_STANDARD_LIBRARIES = YES;
				CODE_SIGN_STYLE = Automatic;
				INFOPLIST_FILE = "text field effectUITests/Info.plist";
				LD_RUNPATH_SEARCH_PATHS = "$(inherited) @executable_path/Frameworks @loader_path/Frameworks";
				PRODUCT_BUNDLE_IDENTIFIER = "text-field-effect.text-field-effectUITests";
				PRODUCT_NAME = "$(TARGET_NAME)";
				SWIFT_VERSION = 4.0;
				TARGETED_DEVICE_FAMILY = "1,2";
				TEST_TARGET_NAME = "text field effect";
			};
			name = Release;
		};
/* End XCBuildConfiguration section */

/* Begin XCConfigurationList section */
		83D6B5BF21A1CA8F00F13C25 /* Build configuration list for PBXProject "text field effect" */ = {
			isa = XCConfigurationList;
			buildConfigurations = (
				83D6B5EA21A1CA8F00F13C25 /* Debug */,
				83D6B5EB21A1CA8F00F13C25 /* Release */,
			);
			defaultConfigurationIsVisible = 0;
			defaultConfigurationName = Release;
		};
		83D6B5EC21A1CA8F00F13C25 /* Build configuration list for PBXNativeTarget "text field effect" */ = {
			isa = XCConfigurationList;
			buildConfigurations = (
				83D6B5ED21A1CA8F00F13C25 /* Debug */,
				83D6B5EE21A1CA8F00F13C25 /* Release */,
			);
			defaultConfigurationIsVisible = 0;
			defaultConfigurationName = Release;
		};
		83D6B5EF21A1CA8F00F13C25 /* Build configuration list for PBXNativeTarget "text field effectTests" */ = {
			isa = XCConfigurationList;
			buildConfigurations = (
				83D6B5F021A1CA8F00F13C25 /* Debug */,
				83D6B5F121A1CA8F00F13C25 /* Release */,
			);
			defaultConfigurationIsVisible = 0;
			defaultConfigurationName = Release;
		};
		83D6B5F221A1CA8F00F13C25 /* Build configuration list for PBXNativeTarget "text field effectUITests" */ = {
			isa = XCConfigurationList;
			buildConfigurations = (
				83D6B5F321A1CA8F00F13C25 /* Debug */,
				83D6B5F421A1CA8F00F13C25 /* Release */,
			);
			defaultConfigurationIsVisible = 0;
			defaultConfigurationName = Release;
		};
/* End XCConfigurationList section */
	};
	rootObject = 83D6B5BC21A1CA8F00F13C25 /* Project object */;
}
